<?xml version="1.0" encoding="UTF-8"?>
<!DOCTYPE plist PUBLIC "-//Apple//DTD PLIST 1.0//EN" "http://www.apple.com/DTDs/PropertyList-1.0.dtd">
<plist version="1.0">
<dict>
	<key>archiveVersion</key>
	<string>1</string>
	<key>classes</key>
	<dict/>
	<key>objectVersion</key>
	<string>46</string>
	<key>objects</key>
	<dict>
		<key>12907384268C4DA98E365BB7</key>
		<dict>
			<key>fileRef</key>
			<string>14F1449F68D8472AB23A44B7</string>
			<key>isa</key>
			<string>PBXBuildFile</string>
		</dict>
		<key>14F1449F68D8472AB23A44B7</key>
		<dict>
			<key>explicitFileType</key>
			<string>archive.ar</string>
			<key>includeInIndex</key>
			<string>0</string>
			<key>isa</key>
			<string>PBXFileReference</string>
			<key>path</key>
			<string>libPods.a</string>
			<key>sourceTree</key>
			<string>BUILT_PRODUCTS_DIR</string>
		</dict>
		<key>150BEB98AFEA4FF199BA4AA6</key>
		<dict>
			<key>explicitFileType</key>
			<string>archive.ar</string>
			<key>includeInIndex</key>
			<string>0</string>
			<key>isa</key>
			<string>PBXFileReference</string>
			<key>path</key>
			<string>libPods-VKVideoPlayerTests.a</string>
			<key>sourceTree</key>
			<string>BUILT_PRODUCTS_DIR</string>
		</dict>
		<key>1B1848CA18F3D7B70020F2EE</key>
		<dict>
			<key>fileEncoding</key>
			<string>4</string>
			<key>isa</key>
			<string>PBXFileReference</string>
			<key>lastKnownFileType</key>
			<string>sourcecode.c.h</string>
			<key>name</key>
			<string>VKVideoPlayerCaption.h</string>
			<key>path</key>
			<string>Classes/ios/VKVideoPlayerCaption.h</string>
			<key>sourceTree</key>
			<string>SOURCE_ROOT</string>
		</dict>
		<key>1B1848CB18F3D7B70020F2EE</key>
		<dict>
			<key>fileEncoding</key>
			<string>4</string>
			<key>isa</key>
			<string>PBXFileReference</string>
			<key>lastKnownFileType</key>
			<string>sourcecode.c.objc</string>
			<key>name</key>
			<string>VKVideoPlayerCaption.m</string>
			<key>path</key>
			<string>Classes/ios/VKVideoPlayerCaption.m</string>
			<key>sourceTree</key>
			<string>SOURCE_ROOT</string>
		</dict>
		<key>1B1848CC18F3D7B70020F2EE</key>
		<dict>
			<key>fileRef</key>
			<string>1B1848CB18F3D7B70020F2EE</string>
			<key>isa</key>
			<string>PBXBuildFile</string>
		</dict>
		<key>1B1848CD18F3D8CB0020F2EE</key>
		<dict>
			<key>fileEncoding</key>
			<string>4</string>
			<key>isa</key>
			<string>PBXFileReference</string>
			<key>lastKnownFileType</key>
			<string>sourcecode.c.h</string>
			<key>name</key>
			<string>VKVideoPlayerExternalMonitor.h</string>
			<key>path</key>
			<string>Classes/ios/VKVideoPlayerExternalMonitor.h</string>
			<key>sourceTree</key>
			<string>SOURCE_ROOT</string>
		</dict>
		<key>1B1848CE18F3D8CB0020F2EE</key>
		<dict>
			<key>fileEncoding</key>
			<string>4</string>
			<key>isa</key>
			<string>PBXFileReference</string>
			<key>lastKnownFileType</key>
			<string>sourcecode.c.objc</string>
			<key>name</key>
			<string>VKVideoPlayerExternalMonitor.m</string>
			<key>path</key>
			<string>Classes/ios/VKVideoPlayerExternalMonitor.m</string>
			<key>sourceTree</key>
			<string>SOURCE_ROOT</string>
		</dict>
		<key>1B1848CF18F3D8CB0020F2EE</key>
		<dict>
			<key>fileRef</key>
			<string>1B1848CE18F3D8CB0020F2EE</string>
			<key>isa</key>
			<string>PBXBuildFile</string>
		</dict>
		<key>1B1848D018F3D8E50020F2EE</key>
		<dict>
			<key>children</key>
			<array>
				<string>1B1848D118F3D8FC0020F2EE</string>
				<string>1B1848D218F3D90A0020F2EE</string>
			</array>
			<key>isa</key>
			<string>PBXGroup</string>
			<key>name</key>
			<string>Extensions</string>
			<key>sourceTree</key>
			<string>&lt;group&gt;</string>
		</dict>
		<key>1B1848D118F3D8FC0020F2EE</key>
		<dict>
			<key>children</key>
			<array>
				<string>1B1848CA18F3D7B70020F2EE</string>
				<string>1B1848CB18F3D7B70020F2EE</string>
				<string>1B1848D618F3DFC40020F2EE</string>
				<string>1B1848D718F3DFC40020F2EE</string>
			</array>
			<key>isa</key>
			<string>PBXGroup</string>
			<key>name</key>
			<string>Caption</string>
			<key>sourceTree</key>
			<string>&lt;group&gt;</string>
		</dict>
		<key>1B1848D218F3D90A0020F2EE</key>
		<dict>
			<key>children</key>
			<array>
				<string>1B1848CD18F3D8CB0020F2EE</string>
				<string>1B1848CE18F3D8CB0020F2EE</string>
				<string>1B1848D318F3DFA30020F2EE</string>
				<string>1B1848D418F3DFA30020F2EE</string>
			</array>
			<key>isa</key>
			<string>PBXGroup</string>
			<key>name</key>
			<string>Output</string>
			<key>sourceTree</key>
			<string>&lt;group&gt;</string>
		</dict>
		<key>1B1848D318F3DFA30020F2EE</key>
		<dict>
			<key>fileEncoding</key>
			<string>4</string>
			<key>isa</key>
			<string>PBXFileReference</string>
			<key>lastKnownFileType</key>
			<string>sourcecode.c.h</string>
			<key>name</key>
			<string>VKVideoPlayerAirPlay.h</string>
			<key>path</key>
			<string>Classes/ios/VKVideoPlayerAirPlay.h</string>
			<key>sourceTree</key>
			<string>SOURCE_ROOT</string>
		</dict>
		<key>1B1848D418F3DFA30020F2EE</key>
		<dict>
			<key>fileEncoding</key>
			<string>4</string>
			<key>isa</key>
			<string>PBXFileReference</string>
			<key>lastKnownFileType</key>
			<string>sourcecode.c.objc</string>
			<key>name</key>
			<string>VKVideoPlayerAirPlay.m</string>
			<key>path</key>
			<string>Classes/ios/VKVideoPlayerAirPlay.m</string>
			<key>sourceTree</key>
			<string>SOURCE_ROOT</string>
		</dict>
		<key>1B1848D518F3DFA30020F2EE</key>
		<dict>
			<key>fileRef</key>
			<string>1B1848D418F3DFA30020F2EE</string>
			<key>isa</key>
			<string>PBXBuildFile</string>
		</dict>
		<key>1B1848D618F3DFC40020F2EE</key>
		<dict>
			<key>fileEncoding</key>
			<string>4</string>
			<key>isa</key>
			<string>PBXFileReference</string>
			<key>lastKnownFileType</key>
			<string>sourcecode.c.h</string>
			<key>name</key>
			<string>VKVideoPlayerCaptionSRT.h</string>
			<key>path</key>
			<string>Classes/ios/VKVideoPlayerCaptionSRT.h</string>
			<key>sourceTree</key>
			<string>SOURCE_ROOT</string>
		</dict>
		<key>1B1848D718F3DFC40020F2EE</key>
		<dict>
			<key>fileEncoding</key>
			<string>4</string>
			<key>isa</key>
			<string>PBXFileReference</string>
			<key>lastKnownFileType</key>
			<string>sourcecode.c.objc</string>
			<key>name</key>
			<string>VKVideoPlayerCaptionSRT.m</string>
			<key>path</key>
			<string>Classes/ios/VKVideoPlayerCaptionSRT.m</string>
			<key>sourceTree</key>
			<string>SOURCE_ROOT</string>
		</dict>
		<key>1B1848D818F3DFC40020F2EE</key>
		<dict>
			<key>fileRef</key>
			<string>1B1848D718F3DFC40020F2EE</string>
			<key>isa</key>
			<string>PBXBuildFile</string>
		</dict>
		<key>1B1848D918F400640020F2EE</key>
		<dict>
			<key>fileEncoding</key>
			<string>4</string>
			<key>isa</key>
			<string>PBXFileReference</string>
			<key>lastKnownFileType</key>
			<string>sourcecode.c.h</string>
			<key>name</key>
			<string>VKVideoPlayerTrack.h</string>
			<key>path</key>
			<string>Classes/ios/VKVideoPlayerTrack.h</string>
			<key>sourceTree</key>
			<string>SOURCE_ROOT</string>
		</dict>
		<key>1B1848DA18F400640020F2EE</key>
		<dict>
			<key>fileEncoding</key>
			<string>4</string>
			<key>isa</key>
			<string>PBXFileReference</string>
			<key>lastKnownFileType</key>
			<string>sourcecode.c.objc</string>
			<key>name</key>
			<string>VKVideoPlayerTrack.m</string>
			<key>path</key>
			<string>Classes/ios/VKVideoPlayerTrack.m</string>
			<key>sourceTree</key>
			<string>SOURCE_ROOT</string>
		</dict>
		<key>1B1848DB18F400640020F2EE</key>
		<dict>
			<key>fileRef</key>
			<string>1B1848DA18F400640020F2EE</string>
			<key>isa</key>
			<string>PBXBuildFile</string>
		</dict>
		<key>1B1848DF18F52E8C0020F2EE</key>
		<dict>
			<key>fileEncoding</key>
			<string>4</string>
			<key>isa</key>
			<string>PBXFileReference</string>
			<key>lastKnownFileType</key>
			<string>sourcecode.c.h</string>
			<key>name</key>
			<string>VKVideoPlayerSettingsManager.h</string>
			<key>path</key>
			<string>Classes/ios/VKVideoPlayerSettingsManager.h</string>
			<key>sourceTree</key>
			<string>SOURCE_ROOT</string>
		</dict>
		<key>1B1848E018F52E8C0020F2EE</key>
		<dict>
			<key>fileEncoding</key>
			<string>4</string>
			<key>isa</key>
			<string>PBXFileReference</string>
			<key>lastKnownFileType</key>
			<string>sourcecode.c.objc</string>
			<key>name</key>
			<string>VKVideoPlayerSettingsManager.m</string>
			<key>path</key>
			<string>Classes/ios/VKVideoPlayerSettingsManager.m</string>
			<key>sourceTree</key>
			<string>SOURCE_ROOT</string>
		</dict>
		<key>1B1848E118F52E8C0020F2EE</key>
		<dict>
			<key>fileRef</key>
			<string>1B1848E018F52E8C0020F2EE</string>
			<key>isa</key>
			<string>PBXBuildFile</string>
		</dict>
		<key>1B20602A19041AC700E11467</key>
		<dict>
			<key>fileEncoding</key>
			<string>4</string>
			<key>isa</key>
			<string>PBXFileReference</string>
			<key>lastKnownFileType</key>
			<string>text</string>
			<key>lineEnding</key>
			<string>2</string>
			<key>path</key>
			<string>Japanese.srt</string>
			<key>sourceTree</key>
			<string>&lt;group&gt;</string>
		</dict>
		<key>1B20602B19041AC700E11467</key>
		<dict>
			<key>fileRef</key>
			<string>1B20602A19041AC700E11467</string>
			<key>isa</key>
			<string>PBXBuildFile</string>
		</dict>
		<key>1B20602C19041AD200E11467</key>
		<dict>
			<key>fileEncoding</key>
			<string>4</string>
			<key>isa</key>
			<string>PBXFileReference</string>
			<key>lastKnownFileType</key>
			<string>text</string>
			<key>lineEnding</key>
			<string>2</string>
			<key>path</key>
			<string>English.srt</string>
			<key>sourceTree</key>
			<string>&lt;group&gt;</string>
		</dict>
		<key>1B20602D19041AD200E11467</key>
		<dict>
			<key>fileRef</key>
			<string>1B20602C19041AD200E11467</string>
			<key>isa</key>
			<string>PBXBuildFile</string>
		</dict>
		<key>1B2060311904257500E11467</key>
		<dict>
			<key>fileRef</key>
			<string>1B20602A19041AC700E11467</string>
			<key>isa</key>
			<string>PBXBuildFile</string>
		</dict>
		<key>1B2060321904257700E11467</key>
		<dict>
			<key>fileRef</key>
			<string>1B20602C19041AD200E11467</string>
			<key>isa</key>
			<string>PBXBuildFile</string>
		</dict>
		<key>1B4DA0E918F67B270009ECDF</key>
		<dict>
			<key>children</key>
			<array>
				<string>1B53AC3719162CC700E1B484</string>
				<string>1BB9D35418FBE16800568286</string>
			</array>
			<key>isa</key>
			<string>PBXGroup</string>
			<key>path</key>
			<string>Assets</string>
			<key>sourceTree</key>
			<string>&lt;group&gt;</string>
		</dict>
		<key>1B53AC3719162CC700E1B484</key>
		<dict>
			<key>isa</key>
			<string>PBXFileReference</string>
			<key>lastKnownFileType</key>
			<string>folder</string>
			<key>path</key>
			<string>web</string>
			<key>sourceTree</key>
			<string>&lt;group&gt;</string>
		</dict>
		<key>1B53AC3819162CC700E1B484</key>
		<dict>
			<key>fileRef</key>
			<string>1B53AC3719162CC700E1B484</string>
			<key>isa</key>
			<string>PBXBuildFile</string>
		</dict>
		<key>1B53AC3919164C1000E1B484</key>
		<dict>
			<key>isa</key>
			<string>PBXFileReference</string>
			<key>lastKnownFileType</key>
			<string>sourcecode.c.h</string>
			<key>path</key>
			<string>VKVideoPlayerTests-Prefix.pch</string>
			<key>sourceTree</key>
			<string>&lt;group&gt;</string>
		</dict>
		<key>1B53AC3A19166FE700E1B484</key>
		<dict>
			<key>fileRef</key>
			<string>1B53AC3719162CC700E1B484</string>
			<key>isa</key>
			<string>PBXBuildFile</string>
		</dict>
		<key>1B53AC3B1916732200E1B484</key>
		<dict>
			<key>fileEncoding</key>
			<string>4</string>
			<key>isa</key>
			<string>PBXFileReference</string>
			<key>lastKnownFileType</key>
			<string>sourcecode.c.h</string>
			<key>path</key>
			<string>DemoHTTPStreamingServer.h</string>
			<key>sourceTree</key>
			<string>&lt;group&gt;</string>
		</dict>
		<key>1B53AC3C1916732200E1B484</key>
		<dict>
			<key>fileEncoding</key>
			<string>4</string>
			<key>isa</key>
			<string>PBXFileReference</string>
			<key>lastKnownFileType</key>
			<string>sourcecode.c.objc</string>
			<key>path</key>
			<string>DemoHTTPStreamingServer.m</string>
			<key>sourceTree</key>
			<string>&lt;group&gt;</string>
		</dict>
		<key>1B53AC3D1916732200E1B484</key>
		<dict>
			<key>fileRef</key>
			<string>1B53AC3C1916732200E1B484</string>
			<key>isa</key>
			<string>PBXBuildFile</string>
		</dict>
		<key>1B53AC3E1916732200E1B484</key>
		<dict>
			<key>fileRef</key>
			<string>1B53AC3C1916732200E1B484</string>
			<key>isa</key>
			<string>PBXBuildFile</string>
		</dict>
		<key>1BA61F9518FCCB6D000DDB94</key>
		<dict>
			<key>fileEncoding</key>
			<string>4</string>
			<key>isa</key>
			<string>PBXFileReference</string>
			<key>lastKnownFileType</key>
			<string>sourcecode.c.h</string>
			<key>path</key>
			<string>DemoVideoPlayerViewController.h</string>
			<key>sourceTree</key>
			<string>&lt;group&gt;</string>
		</dict>
		<key>1BA61F9618FCCB6D000DDB94</key>
		<dict>
			<key>fileEncoding</key>
			<string>4</string>
			<key>isa</key>
			<string>PBXFileReference</string>
			<key>lastKnownFileType</key>
			<string>sourcecode.c.objc</string>
			<key>path</key>
			<string>DemoVideoPlayerViewController.m</string>
			<key>sourceTree</key>
			<string>&lt;group&gt;</string>
		</dict>
		<key>1BA61F9718FCCB6D000DDB94</key>
		<dict>
			<key>fileRef</key>
			<string>1BA61F9618FCCB6D000DDB94</string>
			<key>isa</key>
			<string>PBXBuildFile</string>
		</dict>
		<key>1BA61FB018FD231C000DDB94</key>
		<dict>
			<key>isa</key>
			<string>PBXFileReference</string>
			<key>lastKnownFileType</key>
			<string>image.png</string>
			<key>name</key>
			<string>VKVideoPlayer_close.png</string>
			<key>path</key>
			<string>Assets/VKVideoPlayer_close.png</string>
			<key>sourceTree</key>
			<string>SOURCE_ROOT</string>
		</dict>
		<key>1BA61FB118FD231C000DDB94</key>
		<dict>
			<key>isa</key>
			<string>PBXFileReference</string>
			<key>lastKnownFileType</key>
			<string>image.png</string>
			<key>name</key>
			<string>VKVideoPlayer_close@2x.png</string>
			<key>path</key>
			<string>Assets/VKVideoPlayer_close@2x.png</string>
			<key>sourceTree</key>
			<string>SOURCE_ROOT</string>
		</dict>
		<key>1BA61FB218FD231D000DDB94</key>
		<dict>
			<key>isa</key>
			<string>PBXFileReference</string>
			<key>lastKnownFileType</key>
			<string>image.png</string>
			<key>name</key>
			<string>VKVideoPlayer_cross.png</string>
			<key>path</key>
			<string>Assets/VKVideoPlayer_cross.png</string>
			<key>sourceTree</key>
			<string>SOURCE_ROOT</string>
		</dict>
		<key>1BA61FB318FD231D000DDB94</key>
		<dict>
			<key>isa</key>
			<string>PBXFileReference</string>
			<key>lastKnownFileType</key>
			<string>image.png</string>
			<key>name</key>
			<string>VKVideoPlayer_cross@2x.png</string>
			<key>path</key>
			<string>Assets/VKVideoPlayer_cross@2x.png</string>
			<key>sourceTree</key>
			<string>SOURCE_ROOT</string>
		</dict>
		<key>1BA61FB418FD231D000DDB94</key>
		<dict>
			<key>isa</key>
			<string>PBXFileReference</string>
			<key>lastKnownFileType</key>
			<string>image.png</string>
			<key>name</key>
			<string>VKVideoPlayer_next.png</string>
			<key>path</key>
			<string>Assets/VKVideoPlayer_next.png</string>
			<key>sourceTree</key>
			<string>SOURCE_ROOT</string>
		</dict>
		<key>1BA61FB518FD231D000DDB94</key>
		<dict>
			<key>isa</key>
			<string>PBXFileReference</string>
			<key>lastKnownFileType</key>
			<string>image.png</string>
			<key>name</key>
			<string>VKVideoPlayer_next@2x.png</string>
			<key>path</key>
			<string>Assets/VKVideoPlayer_next@2x.png</string>
			<key>sourceTree</key>
			<string>SOURCE_ROOT</string>
		</dict>
		<key>1BA61FB618FD231D000DDB94</key>
		<dict>
			<key>isa</key>
			<string>PBXFileReference</string>
			<key>lastKnownFileType</key>
			<string>image.png</string>
			<key>name</key>
			<string>VKVideoPlayer_pause_big.png</string>
			<key>path</key>
			<string>Assets/VKVideoPlayer_pause_big.png</string>
			<key>sourceTree</key>
			<string>SOURCE_ROOT</string>
		</dict>
		<key>1BA61FB718FD231D000DDB94</key>
		<dict>
			<key>isa</key>
			<string>PBXFileReference</string>
			<key>lastKnownFileType</key>
			<string>image.png</string>
			<key>name</key>
			<string>VKVideoPlayer_pause_big@2x.png</string>
			<key>path</key>
			<string>Assets/VKVideoPlayer_pause_big@2x.png</string>
			<key>sourceTree</key>
			<string>SOURCE_ROOT</string>
		</dict>
		<key>1BA61FB818FD231D000DDB94</key>
		<dict>
			<key>isa</key>
			<string>PBXFileReference</string>
			<key>lastKnownFileType</key>
			<string>image.png</string>
			<key>name</key>
			<string>VKVideoPlayer_pause.png</string>
			<key>path</key>
			<string>Assets/VKVideoPlayer_pause.png</string>
			<key>sourceTree</key>
			<string>SOURCE_ROOT</string>
		</dict>
		<key>1BA61FB918FD231D000DDB94</key>
		<dict>
			<key>isa</key>
			<string>PBXFileReference</string>
			<key>lastKnownFileType</key>
			<string>image.png</string>
			<key>name</key>
			<string>VKVideoPlayer_pause@2x.png</string>
			<key>path</key>
			<string>Assets/VKVideoPlayer_pause@2x.png</string>
			<key>sourceTree</key>
			<string>SOURCE_ROOT</string>
		</dict>
		<key>1BA61FBA18FD231D000DDB94</key>
		<dict>
			<key>isa</key>
			<string>PBXFileReference</string>
			<key>lastKnownFileType</key>
			<string>image.png</string>
			<key>name</key>
			<string>VKVideoPlayer_play_big.png</string>
			<key>path</key>
			<string>Assets/VKVideoPlayer_play_big.png</string>
			<key>sourceTree</key>
			<string>SOURCE_ROOT</string>
		</dict>
		<key>1BA61FBB18FD231D000DDB94</key>
		<dict>
			<key>isa</key>
			<string>PBXFileReference</string>
			<key>lastKnownFileType</key>
			<string>image.png</string>
			<key>name</key>
			<string>VKVideoPlayer_play_big@2x.png</string>
			<key>path</key>
			<string>Assets/VKVideoPlayer_play_big@2x.png</string>
			<key>sourceTree</key>
			<string>SOURCE_ROOT</string>
		</dict>
		<key>1BA61FBC18FD231D000DDB94</key>
		<dict>
			<key>isa</key>
			<string>PBXFileReference</string>
			<key>lastKnownFileType</key>
			<string>image.png</string>
			<key>name</key>
			<string>VKVideoPlayer_play.png</string>
			<key>path</key>
			<string>Assets/VKVideoPlayer_play.png</string>
			<key>sourceTree</key>
			<string>SOURCE_ROOT</string>
		</dict>
		<key>1BA61FBD18FD231D000DDB94</key>
		<dict>
			<key>isa</key>
			<string>PBXFileReference</string>
			<key>lastKnownFileType</key>
			<string>image.png</string>
			<key>name</key>
			<string>VKVideoPlayer_play@2x.png</string>
			<key>path</key>
			<string>Assets/VKVideoPlayer_play@2x.png</string>
			<key>sourceTree</key>
			<string>SOURCE_ROOT</string>
		</dict>
		<key>1BA61FBE18FD231D000DDB94</key>
		<dict>
			<key>isa</key>
			<string>PBXFileReference</string>
			<key>lastKnownFileType</key>
			<string>image.png</string>
			<key>name</key>
			<string>VKVideoPlayer_rewind.png</string>
			<key>path</key>
			<string>Assets/VKVideoPlayer_rewind.png</string>
			<key>sourceTree</key>
			<string>SOURCE_ROOT</string>
		</dict>
		<key>1BA61FBF18FD231D000DDB94</key>
		<dict>
			<key>isa</key>
			<string>PBXFileReference</string>
			<key>lastKnownFileType</key>
			<string>image.png</string>
			<key>name</key>
			<string>VKVideoPlayer_rewind@2x.png</string>
			<key>path</key>
			<string>Assets/VKVideoPlayer_rewind@2x.png</string>
			<key>sourceTree</key>
			<string>SOURCE_ROOT</string>
		</dict>
		<key>1BA61FC018FD231D000DDB94</key>
		<dict>
			<key>isa</key>
			<string>PBXFileReference</string>
			<key>lastKnownFileType</key>
			<string>image.png</string>
			<key>name</key>
			<string>VKVideoPlayer_zoom_in.png</string>
			<key>path</key>
			<string>Assets/VKVideoPlayer_zoom_in.png</string>
			<key>sourceTree</key>
			<string>SOURCE_ROOT</string>
		</dict>
		<key>1BA61FC118FD231D000DDB94</key>
		<dict>
			<key>isa</key>
			<string>PBXFileReference</string>
			<key>lastKnownFileType</key>
			<string>image.png</string>
			<key>name</key>
			<string>VKVideoPlayer_zoom_in@2x.png</string>
			<key>path</key>
			<string>Assets/VKVideoPlayer_zoom_in@2x.png</string>
			<key>sourceTree</key>
			<string>SOURCE_ROOT</string>
		</dict>
		<key>1BA61FC218FD231D000DDB94</key>
		<dict>
			<key>isa</key>
			<string>PBXFileReference</string>
			<key>lastKnownFileType</key>
			<string>image.png</string>
			<key>name</key>
			<string>VKVideoPlayer_zoom_out.png</string>
			<key>path</key>
			<string>Assets/VKVideoPlayer_zoom_out.png</string>
			<key>sourceTree</key>
			<string>SOURCE_ROOT</string>
		</dict>
		<key>1BA61FC318FD231D000DDB94</key>
		<dict>
			<key>isa</key>
			<string>PBXFileReference</string>
			<key>lastKnownFileType</key>
			<string>image.png</string>
			<key>name</key>
			<string>VKVideoPlayer_zoom_out@2x.png</string>
			<key>path</key>
			<string>Assets/VKVideoPlayer_zoom_out@2x.png</string>
			<key>sourceTree</key>
			<string>SOURCE_ROOT</string>
		</dict>
		<key>1BA61FC418FD231D000DDB94</key>
		<dict>
			<key>fileRef</key>
			<string>1BA61FB018FD231C000DDB94</string>
			<key>isa</key>
			<string>PBXBuildFile</string>
		</dict>
		<key>1BA61FC518FD231D000DDB94</key>
		<dict>
			<key>fileRef</key>
			<string>1BA61FB118FD231C000DDB94</string>
			<key>isa</key>
			<string>PBXBuildFile</string>
		</dict>
		<key>1BA61FC618FD231D000DDB94</key>
		<dict>
			<key>fileRef</key>
			<string>1BA61FB218FD231D000DDB94</string>
			<key>isa</key>
			<string>PBXBuildFile</string>
		</dict>
		<key>1BA61FC718FD231D000DDB94</key>
		<dict>
			<key>fileRef</key>
			<string>1BA61FB318FD231D000DDB94</string>
			<key>isa</key>
			<string>PBXBuildFile</string>
		</dict>
		<key>1BA61FC818FD231D000DDB94</key>
		<dict>
			<key>fileRef</key>
			<string>1BA61FB418FD231D000DDB94</string>
			<key>isa</key>
			<string>PBXBuildFile</string>
		</dict>
		<key>1BA61FC918FD231D000DDB94</key>
		<dict>
			<key>fileRef</key>
			<string>1BA61FB518FD231D000DDB94</string>
			<key>isa</key>
			<string>PBXBuildFile</string>
		</dict>
		<key>1BA61FCA18FD231D000DDB94</key>
		<dict>
			<key>fileRef</key>
			<string>1BA61FB618FD231D000DDB94</string>
			<key>isa</key>
			<string>PBXBuildFile</string>
		</dict>
		<key>1BA61FCB18FD231D000DDB94</key>
		<dict>
			<key>fileRef</key>
			<string>1BA61FB718FD231D000DDB94</string>
			<key>isa</key>
			<string>PBXBuildFile</string>
		</dict>
		<key>1BA61FCC18FD231D000DDB94</key>
		<dict>
			<key>fileRef</key>
			<string>1BA61FB818FD231D000DDB94</string>
			<key>isa</key>
			<string>PBXBuildFile</string>
		</dict>
		<key>1BA61FCD18FD231D000DDB94</key>
		<dict>
			<key>fileRef</key>
			<string>1BA61FB918FD231D000DDB94</string>
			<key>isa</key>
			<string>PBXBuildFile</string>
		</dict>
		<key>1BA61FCE18FD231D000DDB94</key>
		<dict>
			<key>fileRef</key>
			<string>1BA61FBA18FD231D000DDB94</string>
			<key>isa</key>
			<string>PBXBuildFile</string>
		</dict>
		<key>1BA61FCF18FD231D000DDB94</key>
		<dict>
			<key>fileRef</key>
			<string>1BA61FBB18FD231D000DDB94</string>
			<key>isa</key>
			<string>PBXBuildFile</string>
		</dict>
		<key>1BA61FD018FD231D000DDB94</key>
		<dict>
			<key>fileRef</key>
			<string>1BA61FBC18FD231D000DDB94</string>
			<key>isa</key>
			<string>PBXBuildFile</string>
		</dict>
		<key>1BA61FD118FD231D000DDB94</key>
		<dict>
			<key>fileRef</key>
			<string>1BA61FBD18FD231D000DDB94</string>
			<key>isa</key>
			<string>PBXBuildFile</string>
		</dict>
		<key>1BA61FD218FD231D000DDB94</key>
		<dict>
			<key>fileRef</key>
			<string>1BA61FBE18FD231D000DDB94</string>
			<key>isa</key>
			<string>PBXBuildFile</string>
		</dict>
		<key>1BA61FD318FD231D000DDB94</key>
		<dict>
			<key>fileRef</key>
			<string>1BA61FBF18FD231D000DDB94</string>
			<key>isa</key>
			<string>PBXBuildFile</string>
		</dict>
		<key>1BA61FD418FD231D000DDB94</key>
		<dict>
			<key>fileRef</key>
			<string>1BA61FC018FD231D000DDB94</string>
			<key>isa</key>
			<string>PBXBuildFile</string>
		</dict>
		<key>1BA61FD518FD231D000DDB94</key>
		<dict>
			<key>fileRef</key>
			<string>1BA61FC118FD231D000DDB94</string>
			<key>isa</key>
			<string>PBXBuildFile</string>
		</dict>
		<key>1BA61FD618FD231D000DDB94</key>
		<dict>
			<key>fileRef</key>
			<string>1BA61FC218FD231D000DDB94</string>
			<key>isa</key>
			<string>PBXBuildFile</string>
		</dict>
		<key>1BA61FD718FD231D000DDB94</key>
		<dict>
			<key>fileRef</key>
			<string>1BA61FC318FD231D000DDB94</string>
			<key>isa</key>
			<string>PBXBuildFile</string>
		</dict>
		<key>1BB6ADAE18EE626A00767FA3</key>
		<dict>
			<key>children</key>
			<array>
				<string>1BB6ADE918EE631300767FA3</string>
				<string>1BB6ADC018EE626A00767FA3</string>
				<string>1BB6ADF618EE66CD00767FA3</string>
				<string>1BB6ADD918EE626A00767FA3</string>
				<string>1BB6ADB918EE626A00767FA3</string>
				<string>1BB6ADB818EE626A00767FA3</string>
				<string>D3E90C058B2B136A5BB65DE3</string>
			</array>
			<key>isa</key>
			<string>PBXGroup</string>
			<key>sourceTree</key>
			<string>&lt;group&gt;</string>
		</dict>
		<key>1BB6ADAF18EE626A00767FA3</key>
		<dict>
			<key>attributes</key>
			<dict>
				<key>CLASSPREFIX</key>
				<string>VK</string>
				<key>LastUpgradeCheck</key>
				<string>0510</string>
				<key>ORGANIZATIONNAME</key>
				<string>Viki Inc.</string>
				<key>TargetAttributes</key>
				<dict>
					<key>1BB6ADD118EE626A00767FA3</key>
					<dict>
						<key>TestTargetID</key>
						<string>1BB6ADB618EE626A00767FA3</string>
					</dict>
				</dict>
			</dict>
			<key>buildConfigurationList</key>
			<string>1BB6ADB218EE626A00767FA3</string>
			<key>compatibilityVersion</key>
			<string>Xcode 3.2</string>
			<key>developmentRegion</key>
			<string>English</string>
			<key>hasScannedForEncodings</key>
			<string>0</string>
			<key>isa</key>
			<string>PBXProject</string>
			<key>knownRegions</key>
			<array>
				<string>en</string>
			</array>
			<key>mainGroup</key>
			<string>1BB6ADAE18EE626A00767FA3</string>
			<key>productRefGroup</key>
			<string>1BB6ADB818EE626A00767FA3</string>
			<key>projectDirPath</key>
			<string></string>
			<key>projectReferences</key>
			<array/>
			<key>projectRoot</key>
			<string></string>
			<key>targets</key>
			<array>
				<string>1BB6ADB618EE626A00767FA3</string>
				<string>1BB6ADD118EE626A00767FA3</string>
			</array>
		</dict>
		<key>1BB6ADB218EE626A00767FA3</key>
		<dict>
			<key>buildConfigurations</key>
			<array>
				<string>1BB6ADE118EE626A00767FA3</string>
				<string>1BB6ADE218EE626A00767FA3</string>
			</array>
			<key>defaultConfigurationIsVisible</key>
			<string>0</string>
			<key>defaultConfigurationName</key>
			<string>Release</string>
			<key>isa</key>
			<string>XCConfigurationList</string>
		</dict>
		<key>1BB6ADB318EE626A00767FA3</key>
		<dict>
			<key>buildActionMask</key>
			<string>2147483647</string>
			<key>files</key>
			<array>
				<string>1B1848E118F52E8C0020F2EE</string>
				<string>1B1848D518F3DFA30020F2EE</string>
				<string>1B1848CF18F3D8CB0020F2EE</string>
				<string>1BB6AE3018EE9C9900767FA3</string>
				<string>1BB6AE2118EE690300767FA3</string>
				<string>1BB6ADC718EE626A00767FA3</string>
				<string>1B1848DB18F400640020F2EE</string>
				<string>1B1848CC18F3D7B70020F2EE</string>
				<string>1B53AC3D1916732200E1B484</string>
				<string>1BF1CCDB1903A8660006FBC8</string>
				<string>1BB6ADF218EE66B000767FA3</string>
				<string>1BB6ADF318EE66B000767FA3</string>
				<string>1BA61F9718FCCB6D000DDB94</string>
				<string>1BB6ADCB18EE626A00767FA3</string>
				<string>1B1848D818F3DFC40020F2EE</string>
			</array>
			<key>isa</key>
			<string>PBXSourcesBuildPhase</string>
			<key>runOnlyForDeploymentPostprocessing</key>
			<string>0</string>
		</dict>
		<key>1BB6ADB418EE626A00767FA3</key>
		<dict>
			<key>buildActionMask</key>
			<string>2147483647</string>
			<key>files</key>
			<array>
				<string>1BB6ADBD18EE626A00767FA3</string>
				<string>1BB6ADBF18EE626A00767FA3</string>
				<string>1BB6ADBB18EE626A00767FA3</string>
				<string>12907384268C4DA98E365BB7</string>
			</array>
			<key>isa</key>
			<string>PBXFrameworksBuildPhase</string>
			<key>runOnlyForDeploymentPostprocessing</key>
			<string>0</string>
		</dict>
		<key>1BB6ADB518EE626A00767FA3</key>
		<dict>
			<key>buildActionMask</key>
			<string>2147483647</string>
			<key>files</key>
			<array>
				<string>1BA61FC618FD231D000DDB94</string>
				<string>1BB6ADC518EE626A00767FA3</string>
				<string>1BA61FCF18FD231D000DDB94</string>
				<string>1BA61FD418FD231D000DDB94</string>
				<string>1BA61FC918FD231D000DDB94</string>
				<string>1BB9D35218FA4A2B00568286</string>
				<string>1BB6ADF118EE66B000767FA3</string>
				<string>1BA61FCA18FD231D000DDB94</string>
				<string>1BA61FD518FD231D000DDB94</string>
				<string>1BA61FC818FD231D000DDB94</string>
				<string>1BA61FC518FD231D000DDB94</string>
				<string>1B2060311904257500E11467</string>
				<string>1BA61FCB18FD231D000DDB94</string>
				<string>1BA61FCD18FD231D000DDB94</string>
				<string>1BA61FD018FD231D000DDB94</string>
				<string>1B53AC3A19166FE700E1B484</string>
				<string>1BB9D35918FBFEF300568286</string>
				<string>1BA61FC418FD231D000DDB94</string>
				<string>1BB9D35118FA4A2B00568286</string>
				<string>1B2060321904257700E11467</string>
				<string>1BA61FCC18FD231D000DDB94</string>
				<string>1BA61FC718FD231D000DDB94</string>
				<string>1BA61FD118FD231D000DDB94</string>
				<string>1BA61FD218FD231D000DDB94</string>
				<string>1BA61FD318FD231D000DDB94</string>
				<string>1BB6ADCD18EE626A00767FA3</string>
				<string>1BA61FD618FD231D000DDB94</string>
				<string>1BA61FCE18FD231D000DDB94</string>
				<string>1BA61FD718FD231D000DDB94</string>
				<string>1BB9D35718FBE64E00568286</string>
			</array>
			<key>isa</key>
			<string>PBXResourcesBuildPhase</string>
			<key>runOnlyForDeploymentPostprocessing</key>
			<string>0</string>
		</dict>
		<key>1BB6ADB618EE626A00767FA3</key>
		<dict>
			<key>buildConfigurationList</key>
			<string>1BB6ADE318EE626A00767FA3</string>
			<key>buildPhases</key>
			<array>
				<string>C40B611D35304B928326E2C8</string>
				<string>1BB6ADB318EE626A00767FA3</string>
				<string>1BB6ADB418EE626A00767FA3</string>
				<string>1BB6ADB518EE626A00767FA3</string>
				<string>D97F52C7FDBD4A659DE0FAEA</string>
			</array>
			<key>buildRules</key>
			<array/>
			<key>dependencies</key>
			<array/>
			<key>isa</key>
			<string>PBXNativeTarget</string>
			<key>name</key>
			<string>VKVideoPlayer</string>
			<key>productName</key>
			<string>VKVideoPlayer</string>
			<key>productReference</key>
			<string>1BB6ADB718EE626A00767FA3</string>
			<key>productType</key>
			<string>com.apple.product-type.application</string>
		</dict>
		<key>1BB6ADB718EE626A00767FA3</key>
		<dict>
			<key>explicitFileType</key>
			<string>wrapper.application</string>
			<key>includeInIndex</key>
			<string>0</string>
			<key>isa</key>
			<string>PBXFileReference</string>
			<key>path</key>
			<string>VKVideoPlayer.app</string>
			<key>sourceTree</key>
			<string>BUILT_PRODUCTS_DIR</string>
		</dict>
		<key>1BB6ADB818EE626A00767FA3</key>
		<dict>
			<key>children</key>
			<array>
				<string>1BB6ADB718EE626A00767FA3</string>
				<string>1BB6ADD218EE626A00767FA3</string>
			</array>
			<key>isa</key>
			<string>PBXGroup</string>
			<key>name</key>
			<string>Products</string>
			<key>sourceTree</key>
			<string>&lt;group&gt;</string>
		</dict>
		<key>1BB6ADB918EE626A00767FA3</key>
		<dict>
			<key>children</key>
			<array>
				<string>1BB6ADBA18EE626A00767FA3</string>
				<string>1BB6ADBC18EE626A00767FA3</string>
				<string>1BB6ADBE18EE626A00767FA3</string>
				<string>1BB6ADD318EE626A00767FA3</string>
				<string>14F1449F68D8472AB23A44B7</string>
				<string>150BEB98AFEA4FF199BA4AA6</string>
			</array>
			<key>isa</key>
			<string>PBXGroup</string>
			<key>name</key>
			<string>Frameworks</string>
			<key>sourceTree</key>
			<string>&lt;group&gt;</string>
		</dict>
		<key>1BB6ADBA18EE626A00767FA3</key>
		<dict>
			<key>isa</key>
			<string>PBXFileReference</string>
			<key>lastKnownFileType</key>
			<string>wrapper.framework</string>
			<key>name</key>
			<string>Foundation.framework</string>
			<key>path</key>
			<string>System/Library/Frameworks/Foundation.framework</string>
			<key>sourceTree</key>
			<string>SDKROOT</string>
		</dict>
		<key>1BB6ADBB18EE626A00767FA3</key>
		<dict>
			<key>fileRef</key>
			<string>1BB6ADBA18EE626A00767FA3</string>
			<key>isa</key>
			<string>PBXBuildFile</string>
		</dict>
		<key>1BB6ADBC18EE626A00767FA3</key>
		<dict>
			<key>isa</key>
			<string>PBXFileReference</string>
			<key>lastKnownFileType</key>
			<string>wrapper.framework</string>
			<key>name</key>
			<string>CoreGraphics.framework</string>
			<key>path</key>
			<string>System/Library/Frameworks/CoreGraphics.framework</string>
			<key>sourceTree</key>
			<string>SDKROOT</string>
		</dict>
		<key>1BB6ADBD18EE626A00767FA3</key>
		<dict>
			<key>fileRef</key>
			<string>1BB6ADBC18EE626A00767FA3</string>
			<key>isa</key>
			<string>PBXBuildFile</string>
		</dict>
		<key>1BB6ADBE18EE626A00767FA3</key>
		<dict>
			<key>isa</key>
			<string>PBXFileReference</string>
			<key>lastKnownFileType</key>
			<string>wrapper.framework</string>
			<key>name</key>
			<string>UIKit.framework</string>
			<key>path</key>
			<string>System/Library/Frameworks/UIKit.framework</string>
			<key>sourceTree</key>
			<string>SDKROOT</string>
		</dict>
		<key>1BB6ADBF18EE626A00767FA3</key>
		<dict>
			<key>fileRef</key>
			<string>1BB6ADBE18EE626A00767FA3</string>
			<key>isa</key>
			<string>PBXBuildFile</string>
		</dict>
		<key>1BB6ADC018EE626A00767FA3</key>
		<dict>
			<key>children</key>
			<array>
				<string>1BB6ADC918EE626A00767FA3</string>
				<string>1BB6ADCA18EE626A00767FA3</string>
				<string>1BF1CCD91903A8660006FBC8</string>
				<string>1BF1CCDA1903A8660006FBC8</string>
				<string>1BA61F9518FCCB6D000DDB94</string>
				<string>1BA61F9618FCCB6D000DDB94</string>
				<string>1B53AC3B1916732200E1B484</string>
				<string>1B53AC3C1916732200E1B484</string>
				<string>1BB6ADCC18EE626A00767FA3</string>
				<string>1BB6ADC118EE626A00767FA3</string>
			</array>
			<key>isa</key>
			<string>PBXGroup</string>
			<key>name</key>
			<string>VKVideoPlayerDemo</string>
			<key>path</key>
			<string>VKVideoPlayer</string>
			<key>sourceTree</key>
			<string>&lt;group&gt;</string>
		</dict>
		<key>1BB6ADC118EE626A00767FA3</key>
		<dict>
			<key>children</key>
			<array>
				<string>1BB6ADC218EE626A00767FA3</string>
				<string>1BB6ADC318EE626A00767FA3</string>
				<string>1BB6ADC618EE626A00767FA3</string>
				<string>1BB6ADC818EE626A00767FA3</string>
			</array>
			<key>isa</key>
			<string>PBXGroup</string>
			<key>name</key>
			<string>Supporting Files</string>
			<key>sourceTree</key>
			<string>&lt;group&gt;</string>
		</dict>
		<key>1BB6ADC218EE626A00767FA3</key>
		<dict>
			<key>isa</key>
			<string>PBXFileReference</string>
			<key>lastKnownFileType</key>
			<string>text.plist.xml</string>
			<key>path</key>
			<string>VKVideoPlayer-Info.plist</string>
			<key>sourceTree</key>
			<string>&lt;group&gt;</string>
		</dict>
		<key>1BB6ADC318EE626A00767FA3</key>
		<dict>
			<key>children</key>
			<array>
				<string>1BB6ADC418EE626A00767FA3</string>
			</array>
			<key>isa</key>
			<string>PBXVariantGroup</string>
			<key>name</key>
			<string>InfoPlist.strings</string>
			<key>sourceTree</key>
			<string>&lt;group&gt;</string>
		</dict>
		<key>1BB6ADC418EE626A00767FA3</key>
		<dict>
			<key>isa</key>
			<string>PBXFileReference</string>
			<key>lastKnownFileType</key>
			<string>text.plist.strings</string>
			<key>name</key>
			<string>en</string>
			<key>path</key>
			<string>en.lproj/InfoPlist.strings</string>
			<key>sourceTree</key>
			<string>&lt;group&gt;</string>
		</dict>
		<key>1BB6ADC518EE626A00767FA3</key>
		<dict>
			<key>fileRef</key>
			<string>1BB6ADC318EE626A00767FA3</string>
			<key>isa</key>
			<string>PBXBuildFile</string>
		</dict>
		<key>1BB6ADC618EE626A00767FA3</key>
		<dict>
			<key>isa</key>
			<string>PBXFileReference</string>
			<key>lastKnownFileType</key>
			<string>sourcecode.c.objc</string>
			<key>path</key>
			<string>main.m</string>
			<key>sourceTree</key>
			<string>&lt;group&gt;</string>
		</dict>
		<key>1BB6ADC718EE626A00767FA3</key>
		<dict>
			<key>fileRef</key>
			<string>1BB6ADC618EE626A00767FA3</string>
			<key>isa</key>
			<string>PBXBuildFile</string>
		</dict>
		<key>1BB6ADC818EE626A00767FA3</key>
		<dict>
			<key>isa</key>
			<string>PBXFileReference</string>
			<key>lastKnownFileType</key>
			<string>sourcecode.c.h</string>
			<key>path</key>
			<string>VKVideoPlayer-Prefix.pch</string>
			<key>sourceTree</key>
			<string>&lt;group&gt;</string>
		</dict>
		<key>1BB6ADC918EE626A00767FA3</key>
		<dict>
			<key>isa</key>
			<string>PBXFileReference</string>
			<key>lastKnownFileType</key>
			<string>sourcecode.c.h</string>
			<key>path</key>
			<string>VKAppDelegate.h</string>
			<key>sourceTree</key>
			<string>&lt;group&gt;</string>
		</dict>
		<key>1BB6ADCA18EE626A00767FA3</key>
		<dict>
			<key>isa</key>
			<string>PBXFileReference</string>
			<key>lastKnownFileType</key>
			<string>sourcecode.c.objc</string>
			<key>path</key>
			<string>VKAppDelegate.m</string>
			<key>sourceTree</key>
			<string>&lt;group&gt;</string>
		</dict>
		<key>1BB6ADCB18EE626A00767FA3</key>
		<dict>
			<key>fileRef</key>
			<string>1BB6ADCA18EE626A00767FA3</string>
			<key>isa</key>
			<string>PBXBuildFile</string>
		</dict>
		<key>1BB6ADCC18EE626A00767FA3</key>
		<dict>
			<key>isa</key>
			<string>PBXFileReference</string>
			<key>lastKnownFileType</key>
			<string>folder.assetcatalog</string>
			<key>path</key>
			<string>Images.xcassets</string>
			<key>sourceTree</key>
			<string>&lt;group&gt;</string>
		</dict>
		<key>1BB6ADCD18EE626A00767FA3</key>
		<dict>
			<key>fileRef</key>
			<string>1BB6ADCC18EE626A00767FA3</string>
			<key>isa</key>
			<string>PBXBuildFile</string>
		</dict>
		<key>1BB6ADCE18EE626A00767FA3</key>
		<dict>
			<key>buildActionMask</key>
			<string>2147483647</string>
			<key>files</key>
			<array>
				<string>1B53AC3E1916732200E1B484</string>
				<string>1BB6ADE018EE626A00767FA3</string>
			</array>
			<key>isa</key>
			<string>PBXSourcesBuildPhase</string>
			<key>runOnlyForDeploymentPostprocessing</key>
			<string>0</string>
		</dict>
		<key>1BB6ADCF18EE626A00767FA3</key>
		<dict>
			<key>buildActionMask</key>
			<string>2147483647</string>
			<key>files</key>
			<array>
				<string>1BB6ADD418EE626A00767FA3</string>
				<string>1BB6ADD618EE626A00767FA3</string>
				<string>1BB6ADD518EE626A00767FA3</string>
				<string>D1C3D9DF54424BFB8D408C64</string>
			</array>
			<key>isa</key>
			<string>PBXFrameworksBuildPhase</string>
			<key>runOnlyForDeploymentPostprocessing</key>
			<string>0</string>
		</dict>
		<key>1BB6ADD018EE626A00767FA3</key>
		<dict>
			<key>buildActionMask</key>
			<string>2147483647</string>
			<key>files</key>
			<array>
				<string>1B20602D19041AD200E11467</string>
				<string>1BB6ADDE18EE626A00767FA3</string>
				<string>1B53AC3819162CC700E1B484</string>
				<string>1B20602B19041AC700E11467</string>
				<string>1BB9D35A18FBFEF400568286</string>
				<string>1BB9D35618FBE16800568286</string>
			</array>
			<key>isa</key>
			<string>PBXResourcesBuildPhase</string>
			<key>runOnlyForDeploymentPostprocessing</key>
			<string>0</string>
		</dict>
		<key>1BB6ADD118EE626A00767FA3</key>
		<dict>
			<key>buildConfigurationList</key>
			<string>1BB6ADE618EE626A00767FA3</string>
			<key>buildPhases</key>
			<array>
				<string>336AC2A4F86C445AA1127722</string>
				<string>1BB6ADCE18EE626A00767FA3</string>
				<string>1BB6ADCF18EE626A00767FA3</string>
				<string>1BB6ADD018EE626A00767FA3</string>
				<string>25739C77B1BB40EC93E86E3C</string>
			</array>
			<key>buildRules</key>
			<array/>
			<key>dependencies</key>
			<array>
				<string>1BB6ADD818EE626A00767FA3</string>
			</array>
			<key>isa</key>
			<string>PBXNativeTarget</string>
			<key>name</key>
			<string>VKVideoPlayerTests</string>
			<key>productName</key>
			<string>VKVideoPlayerTests</string>
			<key>productReference</key>
			<string>1BB6ADD218EE626A00767FA3</string>
			<key>productType</key>
			<string>com.apple.product-type.bundle.unit-test</string>
		</dict>
		<key>1BB6ADD218EE626A00767FA3</key>
		<dict>
			<key>explicitFileType</key>
			<string>wrapper.cfbundle</string>
			<key>includeInIndex</key>
			<string>0</string>
			<key>isa</key>
			<string>PBXFileReference</string>
			<key>path</key>
			<string>VKVideoPlayerTests.xctest</string>
			<key>sourceTree</key>
			<string>BUILT_PRODUCTS_DIR</string>
		</dict>
		<key>1BB6ADD318EE626A00767FA3</key>
		<dict>
			<key>isa</key>
			<string>PBXFileReference</string>
			<key>lastKnownFileType</key>
			<string>wrapper.framework</string>
			<key>name</key>
			<string>XCTest.framework</string>
			<key>path</key>
			<string>Library/Frameworks/XCTest.framework</string>
			<key>sourceTree</key>
			<string>DEVELOPER_DIR</string>
		</dict>
		<key>1BB6ADD418EE626A00767FA3</key>
		<dict>
			<key>fileRef</key>
			<string>1BB6ADD318EE626A00767FA3</string>
			<key>isa</key>
			<string>PBXBuildFile</string>
		</dict>
		<key>1BB6ADD518EE626A00767FA3</key>
		<dict>
			<key>fileRef</key>
			<string>1BB6ADBA18EE626A00767FA3</string>
			<key>isa</key>
			<string>PBXBuildFile</string>
		</dict>
		<key>1BB6ADD618EE626A00767FA3</key>
		<dict>
			<key>fileRef</key>
			<string>1BB6ADBE18EE626A00767FA3</string>
			<key>isa</key>
			<string>PBXBuildFile</string>
		</dict>
		<key>1BB6ADD718EE626A00767FA3</key>
		<dict>
			<key>containerPortal</key>
			<string>1BB6ADAF18EE626A00767FA3</string>
			<key>isa</key>
			<string>PBXContainerItemProxy</string>
			<key>proxyType</key>
			<string>1</string>
			<key>remoteGlobalIDString</key>
			<string>1BB6ADB618EE626A00767FA3</string>
			<key>remoteInfo</key>
			<string>VKVideoPlayer</string>
		</dict>
		<key>1BB6ADD818EE626A00767FA3</key>
		<dict>
			<key>isa</key>
			<string>PBXTargetDependency</string>
			<key>target</key>
			<string>1BB6ADB618EE626A00767FA3</string>
			<key>targetProxy</key>
			<string>1BB6ADD718EE626A00767FA3</string>
		</dict>
		<key>1BB6ADD918EE626A00767FA3</key>
		<dict>
			<key>children</key>
			<array>
				<string>1B4DA0E918F67B270009ECDF</string>
				<string>1BB6ADDF18EE626A00767FA3</string>
				<string>1BB6ADDA18EE626A00767FA3</string>
			</array>
			<key>isa</key>
			<string>PBXGroup</string>
			<key>path</key>
			<string>VKVideoPlayerTests</string>
			<key>sourceTree</key>
			<string>&lt;group&gt;</string>
		</dict>
		<key>1BB6ADDA18EE626A00767FA3</key>
		<dict>
			<key>children</key>
			<array>
				<string>1BB6ADDB18EE626A00767FA3</string>
				<string>1BB6ADDC18EE626A00767FA3</string>
				<string>1B53AC3919164C1000E1B484</string>
			</array>
			<key>isa</key>
			<string>PBXGroup</string>
			<key>name</key>
			<string>Supporting Files</string>
			<key>sourceTree</key>
			<string>&lt;group&gt;</string>
		</dict>
		<key>1BB6ADDB18EE626A00767FA3</key>
		<dict>
			<key>isa</key>
			<string>PBXFileReference</string>
			<key>lastKnownFileType</key>
			<string>text.plist.xml</string>
			<key>path</key>
			<string>VKVideoPlayerTests-Info.plist</string>
			<key>sourceTree</key>
			<string>&lt;group&gt;</string>
		</dict>
		<key>1BB6ADDC18EE626A00767FA3</key>
		<dict>
			<key>children</key>
			<array>
				<string>1BB6ADDD18EE626A00767FA3</string>
			</array>
			<key>isa</key>
			<string>PBXVariantGroup</string>
			<key>name</key>
			<string>InfoPlist.strings</string>
			<key>sourceTree</key>
			<string>&lt;group&gt;</string>
		</dict>
		<key>1BB6ADDD18EE626A00767FA3</key>
		<dict>
			<key>isa</key>
			<string>PBXFileReference</string>
			<key>lastKnownFileType</key>
			<string>text.plist.strings</string>
			<key>name</key>
			<string>en</string>
			<key>path</key>
			<string>en.lproj/InfoPlist.strings</string>
			<key>sourceTree</key>
			<string>&lt;group&gt;</string>
		</dict>
		<key>1BB6ADDE18EE626A00767FA3</key>
		<dict>
			<key>fileRef</key>
			<string>1BB6ADDC18EE626A00767FA3</string>
			<key>isa</key>
			<string>PBXBuildFile</string>
		</dict>
		<key>1BB6ADDF18EE626A00767FA3</key>
		<dict>
			<key>isa</key>
			<string>PBXFileReference</string>
			<key>lastKnownFileType</key>
			<string>sourcecode.c.objc</string>
			<key>path</key>
			<string>VKVideoPlayerSpec.m</string>
			<key>sourceTree</key>
			<string>&lt;group&gt;</string>
		</dict>
		<key>1BB6ADE018EE626A00767FA3</key>
		<dict>
			<key>fileRef</key>
			<string>1BB6ADDF18EE626A00767FA3</string>
			<key>isa</key>
			<string>PBXBuildFile</string>
		</dict>
		<key>1BB6ADE118EE626A00767FA3</key>
		<dict>
			<key>buildSettings</key>
			<dict>
				<key>ALWAYS_SEARCH_USER_PATHS</key>
				<string>NO</string>
				<key>ARCHS</key>
				<string>$(ARCHS_STANDARD_32_BIT)</string>
				<key>CLANG_CXX_LANGUAGE_STANDARD</key>
				<string>gnu++0x</string>
				<key>CLANG_CXX_LIBRARY</key>
				<string>libc++</string>
				<key>CLANG_ENABLE_MODULES</key>
				<string>YES</string>
				<key>CLANG_ENABLE_OBJC_ARC</key>
				<string>YES</string>
				<key>CLANG_WARN_BOOL_CONVERSION</key>
				<string>YES</string>
				<key>CLANG_WARN_CONSTANT_CONVERSION</key>
				<string>YES</string>
				<key>CLANG_WARN_DIRECT_OBJC_ISA_USAGE</key>
				<string>YES_ERROR</string>
				<key>CLANG_WARN_EMPTY_BODY</key>
				<string>YES</string>
				<key>CLANG_WARN_ENUM_CONVERSION</key>
				<string>YES</string>
				<key>CLANG_WARN_INT_CONVERSION</key>
				<string>YES</string>
				<key>CLANG_WARN_OBJC_ROOT_CLASS</key>
				<string>YES_ERROR</string>
				<key>CLANG_WARN__DUPLICATE_METHOD_MATCH</key>
				<string>YES</string>
				<key>CODE_SIGN_IDENTITY[sdk=iphoneos*]</key>
				<string>iPhone Developer</string>
				<key>COPY_PHASE_STRIP</key>
				<string>NO</string>
				<key>GCC_C_LANGUAGE_STANDARD</key>
				<string>gnu99</string>
				<key>GCC_DYNAMIC_NO_PIC</key>
				<string>NO</string>
				<key>GCC_OPTIMIZATION_LEVEL</key>
				<string>0</string>
				<key>GCC_PREPROCESSOR_DEFINITIONS</key>
				<array>
					<string>DEBUG=1</string>
					<string>$(inherited)</string>
				</array>
				<key>GCC_SYMBOLS_PRIVATE_EXTERN</key>
				<string>NO</string>
				<key>GCC_WARN_64_TO_32_BIT_CONVERSION</key>
				<string>YES</string>
				<key>GCC_WARN_ABOUT_RETURN_TYPE</key>
				<string>YES_ERROR</string>
				<key>GCC_WARN_UNDECLARED_SELECTOR</key>
				<string>YES</string>
				<key>GCC_WARN_UNINITIALIZED_AUTOS</key>
				<string>YES_AGGRESSIVE</string>
				<key>GCC_WARN_UNUSED_FUNCTION</key>
				<string>YES</string>
				<key>GCC_WARN_UNUSED_VARIABLE</key>
				<string>YES</string>
				<key>IPHONEOS_DEPLOYMENT_TARGET</key>
				<string>5.0</string>
				<key>ONLY_ACTIVE_ARCH</key>
				<string>YES</string>
				<key>SDKROOT</key>
				<string>iphoneos</string>
				<key>TARGETED_DEVICE_FAMILY</key>
				<string>1,2</string>
				<key>VALID_ARCHS</key>
				<string>$(ARCHS_STANDARD_32_BIT)</string>
			</dict>
			<key>isa</key>
			<string>XCBuildConfiguration</string>
			<key>name</key>
			<string>Debug</string>
		</dict>
		<key>1BB6ADE218EE626A00767FA3</key>
		<dict>
			<key>buildSettings</key>
			<dict>
				<key>ALWAYS_SEARCH_USER_PATHS</key>
				<string>NO</string>
				<key>ARCHS</key>
				<string>$(ARCHS_STANDARD_32_BIT)</string>
				<key>CLANG_CXX_LANGUAGE_STANDARD</key>
				<string>gnu++0x</string>
				<key>CLANG_CXX_LIBRARY</key>
				<string>libc++</string>
				<key>CLANG_ENABLE_MODULES</key>
				<string>YES</string>
				<key>CLANG_ENABLE_OBJC_ARC</key>
				<string>YES</string>
				<key>CLANG_WARN_BOOL_CONVERSION</key>
				<string>YES</string>
				<key>CLANG_WARN_CONSTANT_CONVERSION</key>
				<string>YES</string>
				<key>CLANG_WARN_DIRECT_OBJC_ISA_USAGE</key>
				<string>YES_ERROR</string>
				<key>CLANG_WARN_EMPTY_BODY</key>
				<string>YES</string>
				<key>CLANG_WARN_ENUM_CONVERSION</key>
				<string>YES</string>
				<key>CLANG_WARN_INT_CONVERSION</key>
				<string>YES</string>
				<key>CLANG_WARN_OBJC_ROOT_CLASS</key>
				<string>YES_ERROR</string>
				<key>CLANG_WARN__DUPLICATE_METHOD_MATCH</key>
				<string>YES</string>
				<key>CODE_SIGN_IDENTITY[sdk=iphoneos*]</key>
				<string>iPhone Developer</string>
				<key>COPY_PHASE_STRIP</key>
				<string>YES</string>
				<key>ENABLE_NS_ASSERTIONS</key>
				<string>NO</string>
				<key>GCC_C_LANGUAGE_STANDARD</key>
				<string>gnu99</string>
				<key>GCC_WARN_64_TO_32_BIT_CONVERSION</key>
				<string>YES</string>
				<key>GCC_WARN_ABOUT_RETURN_TYPE</key>
				<string>YES_ERROR</string>
				<key>GCC_WARN_UNDECLARED_SELECTOR</key>
				<string>YES</string>
				<key>GCC_WARN_UNINITIALIZED_AUTOS</key>
				<string>YES_AGGRESSIVE</string>
				<key>GCC_WARN_UNUSED_FUNCTION</key>
				<string>YES</string>
				<key>GCC_WARN_UNUSED_VARIABLE</key>
				<string>YES</string>
				<key>IPHONEOS_DEPLOYMENT_TARGET</key>
				<string>5.0</string>
				<key>SDKROOT</key>
				<string>iphoneos</string>
				<key>TARGETED_DEVICE_FAMILY</key>
				<string>1,2</string>
				<key>VALIDATE_PRODUCT</key>
				<string>YES</string>
				<key>VALID_ARCHS</key>
				<string>$(ARCHS_STANDARD_32_BIT)</string>
			</dict>
			<key>isa</key>
			<string>XCBuildConfiguration</string>
			<key>name</key>
			<string>Release</string>
		</dict>
		<key>1BB6ADE318EE626A00767FA3</key>
		<dict>
			<key>buildConfigurations</key>
			<array>
				<string>1BB6ADE418EE626A00767FA3</string>
				<string>1BB6ADE518EE626A00767FA3</string>
			</array>
			<key>defaultConfigurationIsVisible</key>
			<string>0</string>
			<key>defaultConfigurationName</key>
			<string>Release</string>
			<key>isa</key>
			<string>XCConfigurationList</string>
		</dict>
		<key>1BB6ADE418EE626A00767FA3</key>
		<dict>
			<key>baseConfigurationReference</key>
			<string>D8BE0CD25C3C24CCFFAA824A</string>
			<key>buildSettings</key>
			<dict>
				<key>ARCHS</key>
				<string>$(ARCHS_STANDARD_32_BIT)</string>
				<key>ASSETCATALOG_COMPILER_APPICON_NAME</key>
				<string>AppIcon</string>
				<key>ASSETCATALOG_COMPILER_LAUNCHIMAGE_NAME</key>
				<string>LaunchImage</string>
				<key>GCC_PRECOMPILE_PREFIX_HEADER</key>
				<string>YES</string>
				<key>GCC_PREFIX_HEADER</key>
				<string>VKVideoPlayer/VKVideoPlayer-Prefix.pch</string>
				<key>INFOPLIST_FILE</key>
				<string>VKVideoPlayer/VKVideoPlayer-Info.plist</string>
				<key>ONLY_ACTIVE_ARCH</key>
				<string>YES</string>
				<key>PRODUCT_NAME</key>
				<string>$(TARGET_NAME)</string>
				<key>USER_HEADER_SEARCH_PATHS</key>
				<string>"${SRCROOT}/Classes/"</string>
				<key>WRAPPER_EXTENSION</key>
				<string>app</string>
			</dict>
			<key>isa</key>
			<string>XCBuildConfiguration</string>
			<key>name</key>
			<string>Debug</string>
		</dict>
		<key>1BB6ADE518EE626A00767FA3</key>
		<dict>
			<key>baseConfigurationReference</key>
			<string>95C1FFB45565AC5E0DF042CF</string>
			<key>buildSettings</key>
			<dict>
				<key>ARCHS</key>
				<string>$(ARCHS_STANDARD_32_BIT)</string>
				<key>ASSETCATALOG_COMPILER_APPICON_NAME</key>
				<string>AppIcon</string>
				<key>ASSETCATALOG_COMPILER_LAUNCHIMAGE_NAME</key>
				<string>LaunchImage</string>
				<key>GCC_PRECOMPILE_PREFIX_HEADER</key>
				<string>YES</string>
				<key>GCC_PREFIX_HEADER</key>
				<string>VKVideoPlayer/VKVideoPlayer-Prefix.pch</string>
				<key>INFOPLIST_FILE</key>
				<string>VKVideoPlayer/VKVideoPlayer-Info.plist</string>
				<key>ONLY_ACTIVE_ARCH</key>
				<string>NO</string>
				<key>PRODUCT_NAME</key>
				<string>$(TARGET_NAME)</string>
				<key>USER_HEADER_SEARCH_PATHS</key>
				<string>"${SRCROOT}/Classes/"</string>
				<key>WRAPPER_EXTENSION</key>
				<string>app</string>
			</dict>
			<key>isa</key>
			<string>XCBuildConfiguration</string>
			<key>name</key>
			<string>Release</string>
		</dict>
		<key>1BB6ADE618EE626A00767FA3</key>
		<dict>
			<key>buildConfigurations</key>
			<array>
				<string>1BB6ADE718EE626A00767FA3</string>
				<string>1BB6ADE818EE626A00767FA3</string>
			</array>
			<key>defaultConfigurationIsVisible</key>
			<string>0</string>
			<key>defaultConfigurationName</key>
			<string>Release</string>
			<key>isa</key>
			<string>XCConfigurationList</string>
		</dict>
		<key>1BB6ADE718EE626A00767FA3</key>
		<dict>
			<key>baseConfigurationReference</key>
			<string>A0E6BE2DABFD07EF5799E756</string>
			<key>buildSettings</key>
			<dict>
				<key>ARCHS</key>
				<string>$(ARCHS_STANDARD_32_BIT)</string>
				<key>BUNDLE_LOADER</key>
				<string>$(BUILT_PRODUCTS_DIR)/VKVideoPlayer.app/VKVideoPlayer</string>
				<key>FRAMEWORK_SEARCH_PATHS</key>
				<array>
					<string>$(SDKROOT)/Developer/Library/Frameworks</string>
					<string>$(inherited)</string>
					<string>$(DEVELOPER_FRAMEWORKS_DIR)</string>
				</array>
				<key>GCC_PRECOMPILE_PREFIX_HEADER</key>
				<string>YES</string>
				<key>GCC_PREFIX_HEADER</key>
				<string>VKVideoPlayerTests/VKVideoPlayerTests-Prefix.pch</string>
				<key>GCC_PREPROCESSOR_DEFINITIONS</key>
				<array>
					<string>DEBUG=1</string>
					<string>$(inherited)</string>
				</array>
				<key>INFOPLIST_FILE</key>
				<string>VKVideoPlayerTests/VKVideoPlayerTests-Info.plist</string>
				<key>ONLY_ACTIVE_ARCH</key>
				<string>YES</string>
				<key>PRODUCT_NAME</key>
				<string>$(TARGET_NAME)</string>
				<key>TEST_HOST</key>
				<string>$(BUNDLE_LOADER)</string>
				<key>USER_HEADER_SEARCH_PATHS</key>
				<string>"${SRCROOT}/Classes/"</string>
				<key>WRAPPER_EXTENSION</key>
				<string>xctest</string>
			</dict>
			<key>isa</key>
			<string>XCBuildConfiguration</string>
			<key>name</key>
			<string>Debug</string>
		</dict>
		<key>1BB6ADE818EE626A00767FA3</key>
		<dict>
			<key>baseConfigurationReference</key>
			<string>D1D13B7470C2E5F01C8FCC17</string>
			<key>buildSettings</key>
			<dict>
				<key>ARCHS</key>
				<string>$(ARCHS_STANDARD_32_BIT)</string>
				<key>BUNDLE_LOADER</key>
				<string>$(BUILT_PRODUCTS_DIR)/VKVideoPlayer.app/VKVideoPlayer</string>
				<key>FRAMEWORK_SEARCH_PATHS</key>
				<array>
					<string>$(SDKROOT)/Developer/Library/Frameworks</string>
					<string>$(inherited)</string>
					<string>$(DEVELOPER_FRAMEWORKS_DIR)</string>
				</array>
				<key>GCC_PRECOMPILE_PREFIX_HEADER</key>
				<string>YES</string>
				<key>GCC_PREFIX_HEADER</key>
				<string>VKVideoPlayerTests/VKVideoPlayerTests-Prefix.pch</string>
				<key>INFOPLIST_FILE</key>
				<string>VKVideoPlayerTests/VKVideoPlayerTests-Info.plist</string>
				<key>PRODUCT_NAME</key>
				<string>$(TARGET_NAME)</string>
				<key>TEST_HOST</key>
				<string>$(BUNDLE_LOADER)</string>
				<key>USER_HEADER_SEARCH_PATHS</key>
				<string>"${SRCROOT}/Classes/"</string>
				<key>WRAPPER_EXTENSION</key>
				<string>xctest</string>
			</dict>
			<key>isa</key>
			<string>XCBuildConfiguration</string>
			<key>name</key>
			<string>Release</string>
		</dict>
		<key>1BB6ADE918EE631300767FA3</key>
		<dict>
			<key>children</key>
			<array>
				<string>1BB6AE1F18EE690300767FA3</string>
				<string>1BB6AE2018EE690300767FA3</string>
				<string>1B1848D918F400640020F2EE</string>
				<string>1B1848DA18F400640020F2EE</string>
				<string>1BB6ADEC18EE66B000767FA3</string>
				<string>1BB6ADED18EE66B000767FA3</string>
				<string>1BB6ADEA18EE66B000767FA3</string>
				<string>1BB6ADEF18EE66B000767FA3</string>
				<string>1BB6ADEB18EE66B000767FA3</string>
				<string>1BB9D34F18FA4A2B00568286</string>
				<string>1BB9D35018FA4A2B00568286</string>
				<string>1BB6AE2718EE982F00767FA3</string>
				<string>1B1848D018F3D8E50020F2EE</string>
				<string>1BB6AE3118EE9FFE00767FA3</string>
				<string>1BB6AE2C18EE9A8000767FA3</string>
			</array>
			<key>isa</key>
			<string>PBXGroup</string>
			<key>name</key>
			<string>Classes</string>
			<key>path</key>
			<string>VKVideoPlayer</string>
			<key>sourceTree</key>
			<string>&lt;group&gt;</string>
		</dict>
		<key>1BB6ADEA18EE66B000767FA3</key>
		<dict>
			<key>fileEncoding</key>
			<string>4</string>
			<key>isa</key>
			<string>PBXFileReference</string>
			<key>lastKnownFileType</key>
			<string>file.xib</string>
			<key>name</key>
			<string>VKVideoPlayerView.xib</string>
			<key>path</key>
			<string>Classes/ios/VKVideoPlayerView.xib</string>
			<key>sourceTree</key>
			<string>SOURCE_ROOT</string>
		</dict>
		<key>1BB6ADEB18EE66B000767FA3</key>
		<dict>
			<key>fileEncoding</key>
			<string>4</string>
			<key>isa</key>
			<string>PBXFileReference</string>
			<key>lastKnownFileType</key>
			<string>sourcecode.c.objc</string>
			<key>lineEnding</key>
			<string>0</string>
			<key>name</key>
			<string>VKVideoPlayerViewController.m</string>
			<key>path</key>
			<string>Classes/ios/VKVideoPlayerViewController.m</string>
			<key>sourceTree</key>
			<string>SOURCE_ROOT</string>
			<key>xcLanguageSpecificationIdentifier</key>
			<string>xcode.lang.objc</string>
		</dict>
		<key>1BB6ADEC18EE66B000767FA3</key>
		<dict>
			<key>fileEncoding</key>
			<string>4</string>
			<key>isa</key>
			<string>PBXFileReference</string>
			<key>lastKnownFileType</key>
			<string>sourcecode.c.h</string>
			<key>name</key>
			<string>VKVideoPlayerView.h</string>
			<key>path</key>
			<string>Classes/ios/VKVideoPlayerView.h</string>
			<key>sourceTree</key>
			<string>SOURCE_ROOT</string>
		</dict>
		<key>1BB6ADED18EE66B000767FA3</key>
		<dict>
			<key>fileEncoding</key>
			<string>4</string>
			<key>isa</key>
			<string>PBXFileReference</string>
			<key>lastKnownFileType</key>
			<string>sourcecode.c.objc</string>
			<key>lineEnding</key>
			<string>0</string>
			<key>name</key>
			<string>VKVideoPlayerView.m</string>
			<key>path</key>
			<string>Classes/ios/VKVideoPlayerView.m</string>
			<key>sourceTree</key>
			<string>SOURCE_ROOT</string>
			<key>xcLanguageSpecificationIdentifier</key>
			<string>xcode.lang.objc</string>
		</dict>
		<key>1BB6ADEF18EE66B000767FA3</key>
		<dict>
			<key>fileEncoding</key>
			<string>4</string>
			<key>isa</key>
			<string>PBXFileReference</string>
			<key>lastKnownFileType</key>
			<string>sourcecode.c.h</string>
			<key>name</key>
			<string>VKVideoPlayerViewController.h</string>
			<key>path</key>
			<string>Classes/ios/VKVideoPlayerViewController.h</string>
			<key>sourceTree</key>
			<string>SOURCE_ROOT</string>
		</dict>
		<key>1BB6ADF118EE66B000767FA3</key>
		<dict>
			<key>fileRef</key>
			<string>1BB6ADEA18EE66B000767FA3</string>
			<key>isa</key>
			<string>PBXBuildFile</string>
		</dict>
		<key>1BB6ADF218EE66B000767FA3</key>
		<dict>
			<key>fileRef</key>
			<string>1BB6ADEB18EE66B000767FA3</string>
			<key>isa</key>
			<string>PBXBuildFile</string>
		</dict>
		<key>1BB6ADF318EE66B000767FA3</key>
		<dict>
			<key>fileRef</key>
			<string>1BB6ADED18EE66B000767FA3</string>
			<key>isa</key>
			<string>PBXBuildFile</string>
		</dict>
		<key>1BB6ADF618EE66CD00767FA3</key>
		<dict>
			<key>children</key>
			<array>
				<string>1BA61FB018FD231C000DDB94</string>
				<string>1BA61FB118FD231C000DDB94</string>
				<string>1BA61FB218FD231D000DDB94</string>
				<string>1BA61FB318FD231D000DDB94</string>
				<string>1BA61FB418FD231D000DDB94</string>
				<string>1BA61FB518FD231D000DDB94</string>
				<string>1BA61FB618FD231D000DDB94</string>
				<string>1BA61FB718FD231D000DDB94</string>
				<string>1BA61FB818FD231D000DDB94</string>
				<string>1BA61FB918FD231D000DDB94</string>
				<string>1BA61FBA18FD231D000DDB94</string>
				<string>1BA61FBB18FD231D000DDB94</string>
				<string>1BA61FBC18FD231D000DDB94</string>
				<string>1BA61FBD18FD231D000DDB94</string>
				<string>1BA61FBE18FD231D000DDB94</string>
				<string>1BA61FBF18FD231D000DDB94</string>
				<string>1BA61FC018FD231D000DDB94</string>
				<string>1BA61FC118FD231D000DDB94</string>
				<string>1BA61FC218FD231D000DDB94</string>
				<string>1BA61FC318FD231D000DDB94</string>
			</array>
			<key>isa</key>
			<string>PBXGroup</string>
			<key>name</key>
			<string>Assets</string>
			<key>path</key>
			<string>VKVideoPlayer</string>
			<key>sourceTree</key>
			<string>&lt;group&gt;</string>
		</dict>
		<key>1BB6AE1F18EE690300767FA3</key>
		<dict>
			<key>fileEncoding</key>
			<string>4</string>
			<key>isa</key>
			<string>PBXFileReference</string>
			<key>lastKnownFileType</key>
			<string>sourcecode.c.h</string>
			<key>name</key>
			<string>VKVideoPlayer.h</string>
			<key>path</key>
			<string>Classes/ios/VKVideoPlayer.h</string>
			<key>sourceTree</key>
			<string>SOURCE_ROOT</string>
		</dict>
		<key>1BB6AE2018EE690300767FA3</key>
		<dict>
			<key>fileEncoding</key>
			<string>4</string>
			<key>isa</key>
			<string>PBXFileReference</string>
			<key>lastKnownFileType</key>
			<string>sourcecode.c.objc</string>
			<key>name</key>
			<string>VKVideoPlayer.m</string>
			<key>path</key>
			<string>Classes/ios/VKVideoPlayer.m</string>
			<key>sourceTree</key>
			<string>SOURCE_ROOT</string>
			<key>wrapsLines</key>
			<string>1</string>
		</dict>
		<key>1BB6AE2118EE690300767FA3</key>
		<dict>
			<key>fileRef</key>
			<string>1BB6AE2018EE690300767FA3</string>
			<key>isa</key>
			<string>PBXBuildFile</string>
		</dict>
		<key>1BB6AE2718EE982F00767FA3</key>
		<dict>
			<key>children</key>
			<array>
				<string>1BB6AE2E18EE9C9900767FA3</string>
				<string>1BB6AE2F18EE9C9900767FA3</string>
			</array>
			<key>isa</key>
			<string>PBXGroup</string>
			<key>name</key>
			<string>FundamentalViews</string>
			<key>sourceTree</key>
			<string>&lt;group&gt;</string>
		</dict>
		<key>1BB6AE2C18EE9A8000767FA3</key>
		<dict>
			<key>children</key>
			<array>
				<string>1BB6AE2D18EE9AEB00767FA3</string>
				<string>1B1848DF18F52E8C0020F2EE</string>
				<string>1B1848E018F52E8C0020F2EE</string>
			</array>
			<key>isa</key>
			<string>PBXGroup</string>
			<key>name</key>
			<string>Config</string>
			<key>sourceTree</key>
			<string>&lt;group&gt;</string>
		</dict>
		<key>1BB6AE2D18EE9AEB00767FA3</key>
		<dict>
			<key>isa</key>
			<string>PBXFileReference</string>
			<key>lastKnownFileType</key>
			<string>sourcecode.c.h</string>
			<key>name</key>
			<string>VKVideoPlayerConfig.h</string>
			<key>path</key>
			<string>Classes/ios/VKVideoPlayerConfig.h</string>
			<key>sourceTree</key>
			<string>SOURCE_ROOT</string>
		</dict>
		<key>1BB6AE2E18EE9C9900767FA3</key>
		<dict>
			<key>fileEncoding</key>
			<string>4</string>
			<key>isa</key>
			<string>PBXFileReference</string>
			<key>lastKnownFileType</key>
			<string>sourcecode.c.h</string>
			<key>name</key>
			<string>VKVideoPlayerLayerView.h</string>
			<key>path</key>
			<string>Classes/ios/VKVideoPlayerLayerView.h</string>
			<key>sourceTree</key>
			<string>SOURCE_ROOT</string>
		</dict>
		<key>1BB6AE2F18EE9C9900767FA3</key>
		<dict>
			<key>fileEncoding</key>
			<string>4</string>
			<key>isa</key>
			<string>PBXFileReference</string>
			<key>lastKnownFileType</key>
			<string>sourcecode.c.objc</string>
			<key>name</key>
			<string>VKVideoPlayerLayerView.m</string>
			<key>path</key>
			<string>Classes/ios/VKVideoPlayerLayerView.m</string>
			<key>sourceTree</key>
			<string>SOURCE_ROOT</string>
		</dict>
		<key>1BB6AE3018EE9C9900767FA3</key>
		<dict>
			<key>fileRef</key>
			<string>1BB6AE2F18EE9C9900767FA3</string>
			<key>isa</key>
			<string>PBXBuildFile</string>
		</dict>
		<key>1BB6AE3118EE9FFE00767FA3</key>
		<dict>
			<key>children</key>
			<array/>
			<key>isa</key>
			<string>PBXGroup</string>
			<key>name</key>
			<string>Libs</string>
			<key>sourceTree</key>
			<string>&lt;group&gt;</string>
		</dict>
		<key>1BB9D34F18FA4A2B00568286</key>
		<dict>
			<key>fileEncoding</key>
			<string>4</string>
			<key>isa</key>
			<string>PBXFileReference</string>
			<key>lastKnownFileType</key>
			<string>file.xib</string>
			<key>name</key>
			<string>VKVideoPlayerViewController~ipad.xib</string>
			<key>path</key>
			<string>Classes/ios/VKVideoPlayerViewController~ipad.xib</string>
			<key>sourceTree</key>
			<string>SOURCE_ROOT</string>
		</dict>
		<key>1BB9D35018FA4A2B00568286</key>
		<dict>
			<key>fileEncoding</key>
			<string>4</string>
			<key>isa</key>
			<string>PBXFileReference</string>
			<key>lastKnownFileType</key>
			<string>file.xib</string>
			<key>name</key>
			<string>VKVideoPlayerViewController~iphone.xib</string>
			<key>path</key>
			<string>Classes/ios/VKVideoPlayerViewController~iphone.xib</string>
			<key>sourceTree</key>
			<string>SOURCE_ROOT</string>
		</dict>
		<key>1BB9D35118FA4A2B00568286</key>
		<dict>
			<key>fileRef</key>
			<string>1BB9D34F18FA4A2B00568286</string>
			<key>isa</key>
			<string>PBXBuildFile</string>
		</dict>
		<key>1BB9D35218FA4A2B00568286</key>
		<dict>
			<key>fileRef</key>
			<string>1BB9D35018FA4A2B00568286</string>
			<key>isa</key>
			<string>PBXBuildFile</string>
		</dict>
		<key>1BB9D35418FBE16800568286</key>
		<dict>
			<key>children</key>
			<array>
				<string>1BB9D35518FBE16800568286</string>
				<string>1BB9D35818FBFEF300568286</string>
				<string>1B20602A19041AC700E11467</string>
				<string>1B20602C19041AD200E11467</string>
			</array>
			<key>isa</key>
			<string>PBXGroup</string>
			<key>name</key>
			<string>srt</string>
			<key>path</key>
			<string>subtitles/srt</string>
			<key>sourceTree</key>
			<string>&lt;group&gt;</string>
		</dict>
		<key>1BB9D35518FBE16800568286</key>
		<dict>
			<key>fileEncoding</key>
			<string>4</string>
			<key>isa</key>
			<string>PBXFileReference</string>
			<key>lastKnownFileType</key>
			<string>text</string>
			<key>path</key>
			<string>testCaptionBottom.srt</string>
			<key>sourceTree</key>
			<string>&lt;group&gt;</string>
		</dict>
		<key>1BB9D35618FBE16800568286</key>
		<dict>
			<key>fileRef</key>
			<string>1BB9D35518FBE16800568286</string>
			<key>isa</key>
			<string>PBXBuildFile</string>
		</dict>
		<key>1BB9D35718FBE64E00568286</key>
		<dict>
			<key>fileRef</key>
			<string>1BB9D35518FBE16800568286</string>
			<key>isa</key>
			<string>PBXBuildFile</string>
		</dict>
		<key>1BB9D35818FBFEF300568286</key>
		<dict>
			<key>fileEncoding</key>
			<string>4</string>
			<key>isa</key>
			<string>PBXFileReference</string>
			<key>lastKnownFileType</key>
			<string>text</string>
			<key>lineEnding</key>
			<string>2</string>
			<key>path</key>
			<string>testCaptionTop.srt</string>
			<key>sourceTree</key>
			<string>&lt;group&gt;</string>
		</dict>
		<key>1BB9D35918FBFEF300568286</key>
		<dict>
			<key>fileRef</key>
			<string>1BB9D35818FBFEF300568286</string>
			<key>isa</key>
			<string>PBXBuildFile</string>
		</dict>
		<key>1BB9D35A18FBFEF400568286</key>
		<dict>
			<key>fileRef</key>
			<string>1BB9D35818FBFEF300568286</string>
			<key>isa</key>
			<string>PBXBuildFile</string>
		</dict>
		<key>1BF1CCD91903A8660006FBC8</key>
		<dict>
			<key>fileEncoding</key>
			<string>4</string>
			<key>isa</key>
			<string>PBXFileReference</string>
			<key>lastKnownFileType</key>
			<string>sourcecode.c.h</string>
			<key>path</key>
			<string>DemoRootViewController.h</string>
			<key>sourceTree</key>
			<string>&lt;group&gt;</string>
		</dict>
		<key>1BF1CCDA1903A8660006FBC8</key>
		<dict>
			<key>fileEncoding</key>
			<string>4</string>
			<key>isa</key>
			<string>PBXFileReference</string>
			<key>lastKnownFileType</key>
			<string>sourcecode.c.objc</string>
			<key>path</key>
			<string>DemoRootViewController.m</string>
			<key>sourceTree</key>
			<string>&lt;group&gt;</string>
		</dict>
		<key>1BF1CCDB1903A8660006FBC8</key>
		<dict>
			<key>fileRef</key>
			<string>1BF1CCDA1903A8660006FBC8</string>
			<key>isa</key>
			<string>PBXBuildFile</string>
		</dict>
		<key>25739C77B1BB40EC93E86E3C</key>
		<dict>
			<key>buildActionMask</key>
			<string>2147483647</string>
			<key>files</key>
			<array/>
			<key>inputPaths</key>
			<array/>
			<key>isa</key>
			<string>PBXShellScriptBuildPhase</string>
			<key>name</key>
			<string>Copy Pods Resources</string>
			<key>outputPaths</key>
			<array/>
			<key>runOnlyForDeploymentPostprocessing</key>
			<string>0</string>
			<key>shellPath</key>
			<string>/bin/sh</string>
			<key>shellScript</key>
			<string>"${SRCROOT}/Pods/Target Support Files/Pods-VKVideoPlayerTests/Pods-VKVideoPlayerTests-resources.sh"
</string>
			<key>showEnvVarsInLog</key>
			<string>0</string>
		</dict>
		<key>336AC2A4F86C445AA1127722</key>
		<dict>
			<key>buildActionMask</key>
			<string>2147483647</string>
			<key>files</key>
			<array/>
			<key>inputPaths</key>
			<array/>
			<key>isa</key>
			<string>PBXShellScriptBuildPhase</string>
			<key>name</key>
			<string>Check Pods Manifest.lock</string>
			<key>outputPaths</key>
			<array/>
			<key>runOnlyForDeploymentPostprocessing</key>
			<string>0</string>
			<key>shellPath</key>
			<string>/bin/sh</string>
			<key>shellScript</key>
			<string>diff "${PODS_ROOT}/../Podfile.lock" "${PODS_ROOT}/Manifest.lock" &gt; /dev/null
if [[ $? != 0 ]] ; then
    cat &lt;&lt; EOM
error: The sandbox is not in sync with the Podfile.lock. Run 'pod install' or update your CocoaPods installation.
EOM
    exit 1
fi
</string>
			<key>showEnvVarsInLog</key>
			<string>0</string>
		</dict>
		<key>95C1FFB45565AC5E0DF042CF</key>
		<dict>
			<key>includeInIndex</key>
			<string>1</string>
			<key>isa</key>
			<string>PBXFileReference</string>
			<key>lastKnownFileType</key>
			<string>text.xcconfig</string>
			<key>name</key>
			<string>Pods.release.xcconfig</string>
			<key>path</key>
			<string>Pods/Target Support Files/Pods/Pods.release.xcconfig</string>
			<key>sourceTree</key>
			<string>&lt;group&gt;</string>
		</dict>
		<key>A0E6BE2DABFD07EF5799E756</key>
		<dict>
			<key>includeInIndex</key>
			<string>1</string>
			<key>isa</key>
			<string>PBXFileReference</string>
			<key>lastKnownFileType</key>
			<string>text.xcconfig</string>
			<key>name</key>
			<string>Pods-VKVideoPlayerTests.debug.xcconfig</string>
			<key>path</key>
			<string>Pods/Target Support Files/Pods-VKVideoPlayerTests/Pods-VKVideoPlayerTests.debug.xcconfig</string>
			<key>sourceTree</key>
			<string>&lt;group&gt;</string>
		</dict>
		<key>C40B611D35304B928326E2C8</key>
		<dict>
			<key>buildActionMask</key>
			<string>2147483647</string>
			<key>files</key>
			<array/>
			<key>inputPaths</key>
			<array/>
			<key>isa</key>
			<string>PBXShellScriptBuildPhase</string>
			<key>name</key>
			<string>Check Pods Manifest.lock</string>
			<key>outputPaths</key>
			<array/>
			<key>runOnlyForDeploymentPostprocessing</key>
			<string>0</string>
			<key>shellPath</key>
			<string>/bin/sh</string>
			<key>shellScript</key>
			<string>diff "${PODS_ROOT}/../Podfile.lock" "${PODS_ROOT}/Manifest.lock" &gt; /dev/null
if [[ $? != 0 ]] ; then
    cat &lt;&lt; EOM
error: The sandbox is not in sync with the Podfile.lock. Run 'pod install' or update your CocoaPods installation.
EOM
    exit 1
fi
</string>
			<key>showEnvVarsInLog</key>
			<string>0</string>
		</dict>
		<key>D1C3D9DF54424BFB8D408C64</key>
		<dict>
			<key>fileRef</key>
			<string>150BEB98AFEA4FF199BA4AA6</string>
			<key>isa</key>
			<string>PBXBuildFile</string>
		</dict>
		<key>D1D13B7470C2E5F01C8FCC17</key>
		<dict>
			<key>includeInIndex</key>
			<string>1</string>
			<key>isa</key>
			<string>PBXFileReference</string>
			<key>lastKnownFileType</key>
			<string>text.xcconfig</string>
			<key>name</key>
			<string>Pods-VKVideoPlayerTests.release.xcconfig</string>
			<key>path</key>
			<string>Pods/Target Support Files/Pods-VKVideoPlayerTests/Pods-VKVideoPlayerTests.release.xcconfig</string>
			<key>sourceTree</key>
			<string>&lt;group&gt;</string>
		</dict>
		<key>D3E90C058B2B136A5BB65DE3</key>
		<dict>
			<key>children</key>
			<array>
				<string>D8BE0CD25C3C24CCFFAA824A</string>
				<string>95C1FFB45565AC5E0DF042CF</string>
				<string>A0E6BE2DABFD07EF5799E756</string>
				<string>D1D13B7470C2E5F01C8FCC17</string>
			</array>
			<key>isa</key>
			<string>PBXGroup</string>
			<key>name</key>
			<string>Pods</string>
			<key>sourceTree</key>
			<string>&lt;group&gt;</string>
		</dict>
		<key>D8BE0CD25C3C24CCFFAA824A</key>
		<dict>
			<key>includeInIndex</key>
			<string>1</string>
			<key>isa</key>
			<string>PBXFileReference</string>
			<key>lastKnownFileType</key>
			<string>text.xcconfig</string>
			<key>name</key>
			<string>Pods.debug.xcconfig</string>
			<key>path</key>
			<string>Pods/Target Support Files/Pods/Pods.debug.xcconfig</string>
			<key>sourceTree</key>
			<string>&lt;group&gt;</string>
		</dict>
		<key>D97F52C7FDBD4A659DE0FAEA</key>
		<dict>
			<key>buildActionMask</key>
			<string>2147483647</string>
			<key>files</key>
			<array/>
			<key>inputPaths</key>
			<array/>
			<key>isa</key>
			<string>PBXShellScriptBuildPhase</string>
			<key>name</key>
			<string>Copy Pods Resources</string>
			<key>outputPaths</key>
			<array/>
			<key>runOnlyForDeploymentPostprocessing</key>
			<string>0</string>
			<key>shellPath</key>
			<string>/bin/sh</string>
			<key>shellScript</key>
			<string>"${SRCROOT}/Pods/Target Support Files/Pods/Pods-resources.sh"
</string>
			<key>showEnvVarsInLog</key>
			<string>0</string>
		</dict>
	</dict>
	<key>rootObject</key>
	<string>1BB6ADAF18EE626A00767FA3</string>
</dict>
</plist>
